// !$*UTF8*$!
{
	archiveVersion = 1;
	classes = {
	};
	objectVersion = 56;
	objects = {

/* Begin PBXBuildFile section */
		30D757042AE12CA90045CDEE /* PeriodicTableApp.swift in Sources */ = {isa = PBXBuildFile; fileRef = 30D757032AE12CA90045CDEE /* PeriodicTableApp.swift */; };
		30D757062AE12CA90045CDEE /* ContentView.swift in Sources */ = {isa = PBXBuildFile; fileRef = 30D757052AE12CA90045CDEE /* ContentView.swift */; };
		30D757082AE12CAA0045CDEE /* Assets.xcassets in Resources */ = {isa = PBXBuildFile; fileRef = 30D757072AE12CAA0045CDEE /* Assets.xcassets */; };
		30D7570B2AE12CAA0045CDEE /* Preview Assets.xcassets in Resources */ = {isa = PBXBuildFile; fileRef = 30D7570A2AE12CAA0045CDEE /* Preview Assets.xcassets */; };
		30D757162AE12CAA0045CDEE /* PeriodicTableTests.swift in Sources */ = {isa = PBXBuildFile; fileRef = 30D757152AE12CAA0045CDEE /* PeriodicTableTests.swift */; };
		30D757202AE12CAA0045CDEE /* PeriodicTableUITests.swift in Sources */ = {isa = PBXBuildFile; fileRef = 30D7571F2AE12CAA0045CDEE /* PeriodicTableUITests.swift */; };
		30D757222AE12CAA0045CDEE /* PeriodicTableUITestsLaunchTests.swift in Sources */ = {isa = PBXBuildFile; fileRef = 30D757212AE12CAA0045CDEE /* PeriodicTableUITestsLaunchTests.swift */; };
/* End PBXBuildFile section */

/* Begin PBXContainerItemProxy section */
		30D757122AE12CAA0045CDEE /* PBXContainerItemProxy */ = {
			isa = PBXContainerItemProxy;
			containerPortal = 30D756F82AE12CA90045CDEE /* Project object */;
			proxyType = 1;
			remoteGlobalIDString = 30D756FF2AE12CA90045CDEE;
			remoteInfo = PeriodicTable;
		};
		30D7571C2AE12CAA0045CDEE /* PBXContainerItemProxy */ = {
			isa = PBXContainerItemProxy;
			containerPortal = 30D756F82AE12CA90045CDEE /* Project object */;
			proxyType = 1;
			remoteGlobalIDString = 30D756FF2AE12CA90045CDEE;
			remoteInfo = PeriodicTable;
		};
/* End PBXContainerItemProxy section */

/* Begin PBXFileReference section */
		30D757002AE12CA90045CDEE /* PeriodicTable.app */ = {isa = PBXFileReference; explicitFileType = wrapper.application; includeInIndex = 0; path = PeriodicTable.app; sourceTree = BUILT_PRODUCTS_DIR; };
		30D757032AE12CA90045CDEE /* PeriodicTableApp.swift */ = {isa = PBXFileReference; lastKnownFileType = sourcecode.swift; path = PeriodicTableApp.swift; sourceTree = "<group>"; };
		30D757052AE12CA90045CDEE /* ContentView.swift */ = {isa = PBXFileReference; lastKnownFileType = sourcecode.swift; path = ContentView.swift; sourceTree = "<group>"; };
		30D757072AE12CAA0045CDEE /* Assets.xcassets */ = {isa = PBXFileReference; lastKnownFileType = folder.assetcatalog; path = Assets.xcassets; sourceTree = "<group>"; };
		30D7570A2AE12CAA0045CDEE /* Preview Assets.xcassets */ = {isa = PBXFileReference; lastKnownFileType = folder.assetcatalog; path = "Preview Assets.xcassets"; sourceTree = "<group>"; };
		30D7570C2AE12CAA0045CDEE /* PeriodicTable.entitlements */ = {isa = PBXFileReference; lastKnownFileType = text.plist.entitlements; path = PeriodicTable.entitlements; sourceTree = "<group>"; };
		30D757112AE12CAA0045CDEE /* PeriodicTableTests.xctest */ = {isa = PBXFileReference; explicitFileType = wrapper.cfbundle; includeInIndex = 0; path = PeriodicTableTests.xctest; sourceTree = BUILT_PRODUCTS_DIR; };
		30D757152AE12CAA0045CDEE /* PeriodicTableTests.swift */ = {isa = PBXFileReference; lastKnownFileType = sourcecode.swift; path = PeriodicTableTests.swift; sourceTree = "<group>"; };
		30D7571B2AE12CAA0045CDEE /* PeriodicTableUITests.xctest */ = {isa = PBXFileReference; explicitFileType = wrapper.cfbundle; includeInIndex = 0; path = PeriodicTableUITests.xctest; sourceTree = BUILT_PRODUCTS_DIR; };
		30D7571F2AE12CAA0045CDEE /* PeriodicTableUITests.swift */ = {isa = PBXFileReference; lastKnownFileType = sourcecode.swift; path = PeriodicTableUITests.swift; sourceTree = "<group>"; };
		30D757212AE12CAA0045CDEE /* PeriodicTableUITestsLaunchTests.swift */ = {isa = PBXFileReference; lastKnownFileType = sourcecode.swift; path = PeriodicTableUITestsLaunchTests.swift; sourceTree = "<group>"; };
/* End PBXFileReference section */

/* Begin PBXFrameworksBuildPhase section */
		30D756FD2AE12CA90045CDEE /* Frameworks */ = {
			isa = PBXFrameworksBuildPhase;
			buildActionMask = 2147483647;
			files = (
			);
			runOnlyForDeploymentPostprocessing = 0;
		};
		30D7570E2AE12CAA0045CDEE /* Frameworks */ = {
			isa = PBXFrameworksBuildPhase;
			buildActionMask = 2147483647;
			files = (
			);
			runOnlyForDeploymentPostprocessing = 0;
		};
		30D757182AE12CAA0045CDEE /* Frameworks */ = {
			isa = PBXFrameworksBuildPhase;
			buildActionMask = 2147483647;
			files = (
			);
			runOnlyForDeploymentPostprocessing = 0;
		};
/* End PBXFrameworksBuildPhase section */

/* Begin PBXGroup section */
		30D756F72AE12CA90045CDEE = {
			isa = PBXGroup;
			children = (
				30D757022AE12CA90045CDEE /* PeriodicTable */,
				30D757142AE12CAA0045CDEE /* PeriodicTableTests */,
				30D7571E2AE12CAA0045CDEE /* PeriodicTableUITests */,
				30D757012AE12CA90045CDEE /* Products */,
			);
			sourceTree = "<group>";
		};
		30D757012AE12CA90045CDEE /* Products */ = {
			isa = PBXGroup;
			children = (
				30D757002AE12CA90045CDEE /* PeriodicTable.app */,
				30D757112AE12CAA0045CDEE /* PeriodicTableTests.xctest */,
				30D7571B2AE12CAA0045CDEE /* PeriodicTableUITests.xctest */,
			);
			name = Products;
			sourceTree = "<group>";
		};
		30D757022AE12CA90045CDEE /* PeriodicTable */ = {
			isa = PBXGroup;
			children = (
				30D757032AE12CA90045CDEE /* PeriodicTableApp.swift */,
				30D757052AE12CA90045CDEE /* ContentView.swift */,
				30D757072AE12CAA0045CDEE /* Assets.xcassets */,
				30D7570C2AE12CAA0045CDEE /* PeriodicTable.entitlements */,
				30D757092AE12CAA0045CDEE /* Preview Content */,
			);
			path = PeriodicTable;
			sourceTree = "<group>";
		};
		30D757092AE12CAA0045CDEE /* Preview Content */ = {
			isa = PBXGroup;
			children = (
				30D7570A2AE12CAA0045CDEE /* Preview Assets.xcassets */,
			);
			path = "Preview Content";
			sourceTree = "<group>";
		};
		30D757142AE12CAA0045CDEE /* PeriodicTableTests */ = {
			isa = PBXGroup;
			children = (
				30D757152AE12CAA0045CDEE /* PeriodicTableTests.swift */,
			);
			path = PeriodicTableTests;
			sourceTree = "<group>";
		};
		30D7571E2AE12CAA0045CDEE /* PeriodicTableUITests */ = {
			isa = PBXGroup;
			children = (
				30D7571F2AE12CAA0045CDEE /* PeriodicTableUITests.swift */,
				30D757212AE12CAA0045CDEE /* PeriodicTableUITestsLaunchTests.swift */,
			);
			path = PeriodicTableUITests;
			sourceTree = "<group>";
		};
/* End PBXGroup section */

/* Begin PBXNativeTarget section */
		30D756FF2AE12CA90045CDEE /* PeriodicTable */ = {
			isa = PBXNativeTarget;
			buildConfigurationList = 30D757252AE12CAA0045CDEE /* Build configuration list for PBXNativeTarget "PeriodicTable" */;
			buildPhases = (
				30D756FC2AE12CA90045CDEE /* Sources */,
				30D756FD2AE12CA90045CDEE /* Frameworks */,
				30D756FE2AE12CA90045CDEE /* Resources */,
			);
			buildRules = (
			);
			dependencies = (
			);
			name = PeriodicTable;
			productName = PeriodicTable;
			productReference = 30D757002AE12CA90045CDEE /* PeriodicTable.app */;
			productType = "com.apple.product-type.application";
		};
		30D757102AE12CAA0045CDEE /* PeriodicTableTests */ = {
			isa = PBXNativeTarget;
			buildConfigurationList = 30D757282AE12CAA0045CDEE /* Build configuration list for PBXNativeTarget "PeriodicTableTests" */;
			buildPhases = (
				30D7570D2AE12CAA0045CDEE /* Sources */,
				30D7570E2AE12CAA0045CDEE /* Frameworks */,
				30D7570F2AE12CAA0045CDEE /* Resources */,
			);
			buildRules = (
			);
			dependencies = (
				30D757132AE12CAA0045CDEE /* PBXTargetDependency */,
			);
			name = PeriodicTableTests;
			productName = PeriodicTableTests;
			productReference = 30D757112AE12CAA0045CDEE /* PeriodicTableTests.xctest */;
			productType = "com.apple.product-type.bundle.unit-test";
		};
		30D7571A2AE12CAA0045CDEE /* PeriodicTableUITests */ = {
			isa = PBXNativeTarget;
			buildConfigurationList = 30D7572B2AE12CAA0045CDEE /* Build configuration list for PBXNativeTarget "PeriodicTableUITests" */;
			buildPhases = (
				30D757172AE12CAA0045CDEE /* Sources */,
				30D757182AE12CAA0045CDEE /* Frameworks */,
				30D757192AE12CAA0045CDEE /* Resources */,
			);
			buildRules = (
			);
			dependencies = (
				30D7571D2AE12CAA0045CDEE /* PBXTargetDependency */,
			);
			name = PeriodicTableUITests;
			productName = PeriodicTableUITests;
			productReference = 30D7571B2AE12CAA0045CDEE /* PeriodicTableUITests.xctest */;
			productType = "com.apple.product-type.bundle.ui-testing";
		};
/* End PBXNativeTarget section */

/* Begin PBXProject section */
		30D756F82AE12CA90045CDEE /* Project object */ = {
			isa = PBXProject;
			attributes = {
				BuildIndependentTargetsInParallel = 1;
				LastSwiftUpdateCheck = 1500;
				LastUpgradeCheck = 1500;
				TargetAttributes = {
					30D756FF2AE12CA90045CDEE = {
						CreatedOnToolsVersion = 15.0;
					};
					30D757102AE12CAA0045CDEE = {
						CreatedOnToolsVersion = 15.0;
						TestTargetID = 30D756FF2AE12CA90045CDEE;
					};
					30D7571A2AE12CAA0045CDEE = {
						CreatedOnToolsVersion = 15.0;
						TestTargetID = 30D756FF2AE12CA90045CDEE;
					};
				};
			};
			buildConfigurationList = 30D756FB2AE12CA90045CDEE /* Build configuration list for PBXProject "PeriodicTable" */;
			compatibilityVersion = "Xcode 14.0";
			developmentRegion = en;
			hasScannedForEncodings = 0;
			knownRegions = (
				en,
				Base,
			);
			mainGroup = 30D756F72AE12CA90045CDEE;
			productRefGroup = 30D757012AE12CA90045CDEE /* Products */;
			projectDirPath = "";
			projectRoot = "";
			targets = (
				30D756FF2AE12CA90045CDEE /* PeriodicTable */,
				30D757102AE12CAA0045CDEE /* PeriodicTableTests */,
				30D7571A2AE12CAA0045CDEE /* PeriodicTableUITests */,
			);
		};
/* End PBXProject section */

/* Begin PBXResourcesBuildPhase section */
		30D756FE2AE12CA90045CDEE /* Resources */ = {
			isa = PBXResourcesBuildPhase;
			buildActionMask = 2147483647;
			files = (
				30D7570B2AE12CAA0045CDEE /* Preview Assets.xcassets in Resources */,
				30D757082AE12CAA0045CDEE /* Assets.xcassets in Resources */,
			);
			runOnlyForDeploymentPostprocessing = 0;
		};
		30D7570F2AE12CAA0045CDEE /* Resources */ = {
			isa = PBXResourcesBuildPhase;
			buildActionMask = 2147483647;
			files = (
			);
			runOnlyForDeploymentPostprocessing = 0;
		};
		30D757192AE12CAA0045CDEE /* Resources */ = {
			isa = PBXResourcesBuildPhase;
			buildActionMask = 2147483647;
			files = (
			);
			runOnlyForDeploymentPostprocessing = 0;
		};
/* End PBXResourcesBuildPhase section */

/* Begin PBXSourcesBuildPhase section */
		30D756FC2AE12CA90045CDEE /* Sources */ = {
			isa = PBXSourcesBuildPhase;
			buildActionMask = 2147483647;
			files = (
				30D757062AE12CA90045CDEE /* ContentView.swift in Sources */,
				30D757042AE12CA90045CDEE /* PeriodicTableApp.swift in Sources */,
			);
			runOnlyForDeploymentPostprocessing = 0;
		};
		30D7570D2AE12CAA0045CDEE /* Sources */ = {
			isa = PBXSourcesBuildPhase;
			buildActionMask = 2147483647;
			files = (
				30D757162AE12CAA0045CDEE /* PeriodicTableTests.swift in Sources */,
			);
			runOnlyForDeploymentPostprocessing = 0;
		};
		30D757172AE12CAA0045CDEE /* Sources */ = {
			isa = PBXSourcesBuildPhase;
			buildActionMask = 2147483647;
			files = (
				30D757222AE12CAA0045CDEE /* PeriodicTableUITestsLaunchTests.swift in Sources */,
				30D757202AE12CAA0045CDEE /* PeriodicTableUITests.swift in Sources */,
			);
			runOnlyForDeploymentPostprocessing = 0;
		};
/* End PBXSourcesBuildPhase section */

/* Begin PBXTargetDependency section */
		30D757132AE12CAA0045CDEE /* PBXTargetDependency */ = {
			isa = PBXTargetDependency;
			target = 30D756FF2AE12CA90045CDEE /* PeriodicTable */;
			targetProxy = 30D757122AE12CAA0045CDEE /* PBXContainerItemProxy */;
		};
		30D7571D2AE12CAA0045CDEE /* PBXTargetDependency */ = {
			isa = PBXTargetDependency;
			target = 30D756FF2AE12CA90045CDEE /* PeriodicTable */;
			targetProxy = 30D7571C2AE12CAA0045CDEE /* PBXContainerItemProxy */;
		};
/* End PBXTargetDependency section */

/* Begin XCBuildConfiguration section */
		30D757232AE12CAA0045CDEE /* Debug */ = {
			isa = XCBuildConfiguration;
			buildSettings = {
				ALWAYS_SEARCH_USER_PATHS = NO;
				ASSETCATALOG_COMPILER_GENERATE_SWIFT_ASSET_SYMBOL_EXTENSIONS = YES;
				CLANG_ANALYZER_NONNULL = YES;
				CLANG_ANALYZER_NUMBER_OBJECT_CONVERSION = YES_AGGRESSIVE;
				CLANG_CXX_LANGUAGE_STANDARD = "gnu++20";
				CLANG_ENABLE_MODULES = YES;
				CLANG_ENABLE_OBJC_ARC = YES;
				CLANG_ENABLE_OBJC_WEAK = YES;
				CLANG_WARN_BLOCK_CAPTURE_AUTORELEASING = YES;
				CLANG_WARN_BOOL_CONVERSION = YES;
				CLANG_WARN_COMMA = YES;
				CLANG_WARN_CONSTANT_CONVERSION = YES;
				CLANG_WARN_DEPRECATED_OBJC_IMPLEMENTATIONS = YES;
				CLANG_WARN_DIRECT_OBJC_ISA_USAGE = YES_ERROR;
				CLANG_WARN_DOCUMENTATION_COMMENTS = YES;
				CLANG_WARN_EMPTY_BODY = YES;
				CLANG_WARN_ENUM_CONVERSION = YES;
				CLANG_WARN_INFINITE_RECURSION = YES;
				CLANG_WARN_INT_CONVERSION = YES;
				CLANG_WARN_NON_LITERAL_NULL_CONVERSION = YES;
				CLANG_WARN_OBJC_IMPLICIT_RETAIN_SELF = YES;
				CLANG_WARN_OBJC_LITERAL_CONVERSION = YES;
				CLANG_WARN_OBJC_ROOT_CLASS = YES_ERROR;
				CLANG_WARN_QUOTED_INCLUDE_IN_FRAMEWORK_HEADER = YES;
				CLANG_WARN_RANGE_LOOP_ANALYSIS = YES;
				CLANG_WARN_STRICT_PROTOTYPES = YES;
				CLANG_WARN_SUSPICIOUS_MOVE = YES;
				CLANG_WARN_UNGUARDED_AVAILABILITY = YES_AGGRESSIVE;
				CLANG_WARN_UNREACHABLE_CODE = YES;
				CLANG_WARN__DUPLICATE_METHOD_MATCH = YES;
				COPY_PHASE_STRIP = NO;
				DEBUG_INFORMATION_FORMAT = dwarf;
				ENABLE_STRICT_OBJC_MSGSEND = YES;
				ENABLE_TESTABILITY = YES;
				ENABLE_USER_SCRIPT_SANDBOXING = YES;
				GCC_C_LANGUAGE_STANDARD = gnu17;
				GCC_DYNAMIC_NO_PIC = NO;
				GCC_NO_COMMON_BLOCKS = YES;
				GCC_OPTIMIZATION_LEVEL = 0;
				GCC_PREPROCESSOR_DEFINITIONS = (
					"DEBUG=1",
					"$(inherited)",
				);
				GCC_WARN_64_TO_32_BIT_CONVERSION = YES;
				GCC_WARN_ABOUT_RETURN_TYPE = YES_ERROR;
				GCC_WARN_UNDECLARED_SELECTOR = YES;
				GCC_WARN_UNINITIALIZED_AUTOS = YES_AGGRESSIVE;
				GCC_WARN_UNUSED_FUNCTION = YES;
				GCC_WARN_UNUSED_VARIABLE = YES;
				LOCALIZATION_PREFERS_STRING_CATALOGS = YES;
				MACOSX_DEPLOYMENT_TARGET = 14.0;
				MTL_ENABLE_DEBUG_INFO = INCLUDE_SOURCE;
				MTL_FAST_MATH = YES;
				ONLY_ACTIVE_ARCH = YES;
				SDKROOT = macosx;
				SWIFT_ACTIVE_COMPILATION_CONDITIONS = "DEBUG $(inherited)";
				SWIFT_OPTIMIZATION_LEVEL = "-Onone";
			};
			name = Debug;
		};
		30D757242AE12CAA0045CDEE /* Release */ = {
			isa = XCBuildConfiguration;
			buildSettings = {
				ALWAYS_SEARCH_USER_PATHS = NO;
				ASSETCATALOG_COMPILER_GENERATE_SWIFT_ASSET_SYMBOL_EXTENSIONS = YES;
				CLANG_ANALYZER_NONNULL = YES;
				CLANG_ANALYZER_NUMBER_OBJECT_CONVERSION = YES_AGGRESSIVE;
				CLANG_CXX_LANGUAGE_STANDARD = "gnu++20";
				CLANG_ENABLE_MODULES = YES;
				CLANG_ENABLE_OBJC_ARC = YES;
				CLANG_ENABLE_OBJC_WEAK = YES;
				CLANG_WARN_BLOCK_CAPTURE_AUTORELEASING = YES;
				CLANG_WARN_BOOL_CONVERSION = YES;
				CLANG_WARN_COMMA = YES;
				CLANG_WARN_CONSTANT_CONVERSION = YES;
				CLANG_WARN_DEPRECATED_OBJC_IMPLEMENTATIONS = YES;
				CLANG_WARN_DIRECT_OBJC_ISA_USAGE = YES_ERROR;
				CLANG_WARN_DOCUMENTATION_COMMENTS = YES;
				CLANG_WARN_EMPTY_BODY = YES;
				CLANG_WARN_ENUM_CONVERSION = YES;
				CLANG_WARN_INFINITE_RECURSION = YES;
				CLANG_WARN_INT_CONVERSION = YES;
				CLANG_WARN_NON_LITERAL_NULL_CONVERSION = YES;
				CLANG_WARN_OBJC_IMPLICIT_RETAIN_SELF = YES;
				CLANG_WARN_OBJC_LITERAL_CONVERSION = YES;
				CLANG_WARN_OBJC_ROOT_CLASS = YES_ERROR;
				CLANG_WARN_QUOTED_INCLUDE_IN_FRAMEWORK_HEADER = YES;
				CLANG_WARN_RANGE_LOOP_ANALYSIS = YES;
				CLANG_WARN_STRICT_PROTOTYPES = YES;
				CLANG_WARN_SUSPICIOUS_MOVE = YES;
				CLANG_WARN_UNGUARDED_AVAILABILITY = YES_AGGRESSIVE;
				CLANG_WARN_UNREACHABLE_CODE = YES;
				CLANG_WARN__DUPLICATE_METHOD_MATCH = YES;
				COPY_PHASE_STRIP = NO;
				DEBUG_INFORMATION_FORMAT = "dwarf-with-dsym";
				ENABLE_NS_ASSERTIONS = NO;
				ENABLE_STRICT_OBJC_MSGSEND = YES;
				ENABLE_USER_SCRIPT_SANDBOXING = YES;
				GCC_C_LANGUAGE_STANDARD = gnu17;
				GCC_NO_COMMON_BLOCKS = YES;
				GCC_WARN_64_TO_32_BIT_CONVERSION = YES;
				GCC_WARN_ABOUT_RETURN_TYPE = YES_ERROR;
				GCC_WARN_UNDECLARED_SELECTOR = YES;
				GCC_WARN_UNINITIALIZED_AUTOS = YES_AGGRESSIVE;
				GCC_WARN_UNUSED_FUNCTION = YES;
				GCC_WARN_UNUSED_VARIABLE = YES;
				LOCALIZATION_PREFERS_STRING_CATALOGS = YES;
				MACOSX_DEPLOYMENT_TARGET = 14.0;
				MTL_ENABLE_DEBUG_INFO = NO;
				MTL_FAST_MATH = YES;
				SDKROOT = macosx;
				SWIFT_COMPILATION_MODE = wholemodule;
			};
			name = Release;
		};
		30D757262AE12CAA0045CDEE /* Debug */ = {
			isa = XCBuildConfiguration;
			buildSettings = {
				ASSETCATALOG_COMPILER_APPICON_NAME = AppIcon;
				ASSETCATALOG_COMPILER_GLOBAL_ACCENT_COLOR_NAME = AccentColor;
				CODE_SIGN_ENTITLEMENTS = PeriodicTable/PeriodicTable.entitlements;
				CODE_SIGN_STYLE = Automatic;
				COMBINE_HIDPI_IMAGES = YES;
				CURRENT_PROJECT_VERSION = 1;
				DEVELOPMENT_ASSET_PATHS = "\"PeriodicTable/Preview Content\"";
				DEVELOPMENT_TEAM = 6GH2ZWT255;
				ENABLE_HARDENED_RUNTIME = YES;
				ENABLE_PREVIEWS = YES;
				GENERATE_INFOPLIST_FILE = YES;
				INFOPLIST_KEY_NSHumanReadableCopyright = "";
				LD_RUNPATH_SEARCH_PATHS = (
					"$(inherited)",
					"@executable_path/../Frameworks",
				);
				MARKETING_VERSION = 1.0;
				PRODUCT_BUNDLE_IDENTIFIER = bingbing.PeriodicTable;
				PRODUCT_NAME = "$(TARGET_NAME)";
				SWIFT_EMIT_LOC_STRINGS = YES;
				SWIFT_VERSION = 5.0;
			};
			name = Debug;
		};
		30D757272AE12CAA0045CDEE /* Release */ = {
			isa = XCBuildConfiguration;
			buildSettings = {
				ASSETCATALOG_COMPILER_APPICON_NAME = AppIcon;
				ASSETCATALOG_COMPILER_GLOBAL_ACCENT_COLOR_NAME = AccentColor;
				CODE_SIGN_ENTITLEMENTS = PeriodicTable/PeriodicTable.entitlements;
				CODE_SIGN_STYLE = Automatic;
				COMBINE_HIDPI_IMAGES = YES;
				CURRENT_PROJECT_VERSION = 1;
				DEVELOPMENT_ASSET_PATHS = "\"PeriodicTable/Preview Content\"";
				DEVELOPMENT_TEAM = 6GH2ZWT255;
				ENABLE_HARDENED_RUNTIME = YES;
				ENABLE_PREVIEWS = YES;
				GENERATE_INFOPLIST_FILE = YES;
				INFOPLIST_KEY_NSHumanReadableCopyright = "";
				LD_RUNPATH_SEARCH_PATHS = (
					"$(inherited)",
					"@executable_path/../Frameworks",
				);
				MARKETING_VERSION = 1.0;
				PRODUCT_BUNDLE_IDENTIFIER = bingbing.PeriodicTable;
				PRODUCT_NAME = "$(TARGET_NAME)";
				SWIFT_EMIT_LOC_STRINGS = YES;
				SWIFT_VERSION = 5.0;
			};
			name = Release;
		};
		30D757292AE12CAA0045CDEE /* Debug */ = {
			isa = XCBuildConfiguration;
			buildSettings = {
				ALWAYS_EMBED_SWIFT_STANDARD_LIBRARIES = YES;
				BUNDLE_LOADER = "$(TEST_HOST)";
				CODE_SIGN_STYLE = Automatic;
				CURRENT_PROJECT_VERSION = 1;
				DEVELOPMENT_TEAM = 6GH2ZWT255;
				GENERATE_INFOPLIST_FILE = YES;
				MACOSX_DEPLOYMENT_TARGET = 14.0;
				MARKETING_VERSION = 1.0;
				PRODUCT_BUNDLE_IDENTIFIER = bingbing.PeriodicTableTests;
				PRODUCT_NAME = "$(TARGET_NAME)";
				SWIFT_EMIT_LOC_STRINGS = NO;
				SWIFT_VERSION = 5.0;
				TEST_HOST = "$(BUILT_PRODUCTS_DIR)/PeriodicTable.app/$(BUNDLE_EXECUTABLE_FOLDER_PATH)/PeriodicTable";
			};
			name = Debug;
		};
		30D7572A2AE12CAA0045CDEE /* Release */ = {
			isa = XCBuildConfiguration;
			buildSettings = {
				ALWAYS_EMBED_SWIFT_STANDARD_LIBRARIES = YES;
				BUNDLE_LOADER = "$(TEST_HOST)";
				CODE_SIGN_STYLE = Automatic;
				CURRENT_PROJECT_VERSION = 1;
				DEVELOPMENT_TEAM = 6GH2ZWT255;
				GENERATE_INFOPLIST_FILE = YES;
				MACOSX_DEPLOYMENT_TARGET = 14.0;
				MARKETING_VERSION = 1.0;
				PRODUCT_BUNDLE_IDENTIFIER = bingbing.PeriodicTableTests;
				PRODUCT_NAME = "$(TARGET_NAME)";
				SWIFT_EMIT_LOC_STRINGS = NO;
				SWIFT_VERSION = 5.0;
				TEST_HOST = "$(BUILT_PRODUCTS_DIR)/PeriodicTable.app/$(BUNDLE_EXECUTABLE_FOLDER_PATH)/PeriodicTable";
			};
			name = Release;
		};
		30D7572C2AE12CAA0045CDEE /* Debug */ = {
			isa = XCBuildConfiguration;
			buildSettings = {
				ALWAYS_EMBED_SWIFT_STANDARD_LIBRARIES = YES;
				CODE_SIGN_STYLE = Automatic;
				CURRENT_PROJECT_VERSION = 1;
				DEVELOPMENT_TEAM = 6GH2ZWT255;
				GENERATE_INFOPLIST_FILE = YES;
				MARKETING_VERSION = 1.0;
				PRODUCT_BUNDLE_IDENTIFIER = bingbing.PeriodicTableUITests;
				PRODUCT_NAME = "$(TARGET_NAME)";
				SWIFT_EMIT_LOC_STRINGS = NO;
				SWIFT_VERSION = 5.0;
				TEST_TARGET_NAME = PeriodicTable;
			};
			name = Debug;
		};
		30D7572D2AE12CAA0045CDEE /* Release */ = {
			isa = XCBuildConfiguration;
			buildSettings = {
				ALWAYS_EMBED_SWIFT_STANDARD_LIBRARIES = YES;
				CODE_SIGN_STYLE = Automatic;
				CURRENT_PROJECT_VERSION = 1;
				DEVELOPMENT_TEAM = 6GH2ZWT255;
				GENERATE_INFOPLIST_FILE = YES;
				MARKETING_VERSION = 1.0;
				PRODUCT_BUNDLE_IDENTIFIER = bingbing.PeriodicTableUITests;
				PRODUCT_NAME = "$(TARGET_NAME)";
				SWIFT_EMIT_LOC_STRINGS = NO;
				SWIFT_VERSION = 5.0;
				TEST_TARGET_NAME = PeriodicTable;
			};
			name = Release;
		};
/* End XCBuildConfiguration section */

/* Begin XCConfigurationList section */
		30D756FB2AE12CA90045CDEE /* Build configuration list for PBXProject "PeriodicTable" */ = {
			isa = XCConfigurationList;
			buildConfigurations = (
				30D757232AE12CAA0045CDEE /* Debug */,
				30D757242AE12CAA0045CDEE /* Release */,
			);
			defaultConfigurationIsVisible = 0;
			defaultConfigurationName = Release;
		};
		30D757252AE12CAA0045CDEE /* Build configuration list for PBXNativeTarget "PeriodicTable" */ = {
			isa = XCConfigurationList;
			buildConfigurations = (
				30D757262AE12CAA0045CDEE /* Debug */,
				30D757272AE12CAA0045CDEE /* Release */,
			);
			defaultConfigurationIsVisible = 0;
			defaultConfigurationName = Release;
		};
		30D757282AE12CAA0045CDEE /* Build configuration list for PBXNativeTarget "PeriodicTableTests" */ = {
			isa = XCConfigurationList;
			buildConfigurations = (
				30D757292AE12CAA0045CDEE /* Debug */,
				30D7572A2AE12CAA0045CDEE /* Release */,
			);
			defaultConfigurationIsVisible = 0;
			defaultConfigurationName = Release;
		};
		30D7572B2AE12CAA0045CDEE /* Build configuration list for PBXNativeTarget "PeriodicTableUITests" */ = {
			isa = XCConfigurationList;
			buildConfigurations = (
				30D7572C2AE12CAA0045CDEE /* Debug */,
				30D7572D2AE12CAA0045CDEE /* Release */,
			);
			defaultConfigurationIsVisible = 0;
			defaultConfigurationName = Release;
		};
/* End XCConfigurationList section */
	};
	rootObject = 30D756F82AE12CA90045CDEE /* Project object */;
}
